
Microsoft Visual Studio Solution File, Format Version 12.00
# Visual Studio Version 16
VisualStudioVersion = 16.0.31702.278
MinimumVisualStudioVersion = 10.0.40219.1
Project("{FAE04EC0-301F-11D3-BF4B-00C04F79EFBC}") = "MvcSpaceApp", "MvcSpaceApp\MvcSpaceApp.csproj", "{6C608826-A60A-4334-B395-63BD9ADD857B}"
EndProject
Global
	GlobalSection(SolutionConfigurationPlatforms) = preSolution
		Debug|Any CPU = Debug|Any CPU
		Release|Any CPU = Release|Any CPU
	EndGlobalSection
	GlobalSection(ProjectConfigurationPlatforms) = postSolution
		{6C608826-A60A-4334-B395-63BD9ADD857B}.Debug|Any CPU.ActiveCfg = Debug|Any CPU
		{6C608826-A60A-4334-B395-63BD9ADD857B}.Debug|Any CPU.Build.0 = Debug|Any CPU
		{6C608826-A60A-4334-B395-63BD9ADD857B}.Release|Any CPU.ActiveCfg = Release|Any CPU
		{6C608826-A60A-4334-B395-63BD9ADD857B}.Release|Any CPU.Build.0 = Release|Any CPU
	EndGlobalSection
	GlobalSection(SolutionProperties) = preSolution
		HideSolutionNode = FALSE
	EndGlobalSection
	GlobalSection(ExtensibilityGlobals) = postSolution
		SolutionGuid = {3A30AB2C-76A2-4129-8D67-FAAF78F22497}
	EndGlobalSection
EndGlobal
